
Microsoft Visual Studio Solution File, Format Version 12.00
# Visual Studio 15
Project("{FAE04EC0-301F-11D3-BF4B-00C04F79EFBC}") = "Assembly-CSharp", "Assembly-CSharp.csproj", "{F392EBAE-5D82-E75F-D29A-344C732AFB68}"
EndProject
Global
	GlobalSection(SolutionConfigurationPlatforms) = preSolution
		Debug|Any CPU = Debug|Any CPU
		Release|Any CPU = Release|Any CPU
	EndGlobalSection
	GlobalSection(ProjectConfigurationPlatforms) = postSolution
		{F392EBAE-5D82-E75F-D29A-344C732AFB68}.Debug|Any CPU.ActiveCfg = Debug|Any CPU
		{F392EBAE-5D82-E75F-D29A-344C732AFB68}.Debug|Any CPU.Build.0 = Debug|Any CPU
		{F392EBAE-5D82-E75F-D29A-344C732AFB68}.Release|Any CPU.ActiveCfg = Release|Any CPU
		{F392EBAE-5D82-E75F-D29A-344C732AFB68}.Release|Any CPU.Build.0 = Release|Any CPU
	EndGlobalSection
	GlobalSection(SolutionProperties) = preSolution
		HideSolutionNode = FALSE
	EndGlobalSection
EndGlobal
